// !$*UTF8*$!
{
	archiveVersion = 1;
	classes = {
	};
	objectVersion = 46;
	objects = {

/* Begin PBXBuildFile section */
		F1314C761F4EB6190012153F /* VoodooI2CPrecisionTouchpad.hpp in Headers */ = {isa = PBXBuildFile; fileRef = F1314C751F4EB6190012153F /* VoodooI2CPrecisionTouchpad.hpp */; };
		F1314C781F4EB6190012153F /* VoodooI2CPrecisionTouchpad.cpp in Sources */ = {isa = PBXBuildFile; fileRef = F1314C771F4EB6190012153F /* VoodooI2CPrecisionTouchpad.cpp */; };
		F1314C891F4EB6610012153F /* csgesturescroll.h in Headers */ = {isa = PBXBuildFile; fileRef = F1314C7F1F4EB6610012153F /* csgesturescroll.h */; };
		F1314C8A1F4EB6610012153F /* csgesture.cpp in Sources */ = {isa = PBXBuildFile; fileRef = F1314C801F4EB6610012153F /* csgesture.cpp */; };
		F1314C8B1F4EB6610012153F /* AverageClasses.h in Headers */ = {isa = PBXBuildFile; fileRef = F1314C811F4EB6610012153F /* AverageClasses.h */; };
		F1314C8C1F4EB6610012153F /* csgesture-softc.h in Headers */ = {isa = PBXBuildFile; fileRef = F1314C821F4EB6610012153F /* csgesture-softc.h */; };
		F1314C8D1F4EB6610012153F /* csgesture.h in Headers */ = {isa = PBXBuildFile; fileRef = F1314C831F4EB6610012153F /* csgesture.h */; };
		F1314C8E1F4EB6610012153F /* csgesturescroll.cpp in Sources */ = {isa = PBXBuildFile; fileRef = F1314C841F4EB6610012153F /* csgesturescroll.cpp */; };
		F1314C8F1F4EB6610012153F /* VoodooCSGestureHIDWrapper.cpp in Sources */ = {isa = PBXBuildFile; fileRef = F1314C851F4EB6610012153F /* VoodooCSGestureHIDWrapper.cpp */; };
		F1314C901F4EB6610012153F /* VoodooCSGestureHIDWrapper.h in Headers */ = {isa = PBXBuildFile; fileRef = F1314C861F4EB6610012153F /* VoodooCSGestureHIDWrapper.h */; };
		F1314C911F4EB6610012153F /* VoodooCSGestureHIPointingWrapper.cpp in Sources */ = {isa = PBXBuildFile; fileRef = F1314C871F4EB6610012153F /* VoodooCSGestureHIPointingWrapper.cpp */; };
		F1314C921F4EB6610012153F /* VoodooCSGestureHIPointingWrapper.h in Headers */ = {isa = PBXBuildFile; fileRef = F1314C881F4EB6610012153F /* VoodooCSGestureHIPointingWrapper.h */; };
		F1314C981F4EB7B10012153F /* helpers.hpp in Headers */ = {isa = PBXBuildFile; fileRef = F1314C941F4EB7B10012153F /* helpers.hpp */; };
		F1314C991F4EB7B10012153F /* VoodooI2CControllerConstants.hpp in Headers */ = {isa = PBXBuildFile; fileRef = F1314C951F4EB7B10012153F /* VoodooI2CControllerConstants.hpp */; };
		F1314C9A1F4EB7B10012153F /* VoodooI2CControllerDriver.hpp in Headers */ = {isa = PBXBuildFile; fileRef = F1314C961F4EB7B10012153F /* VoodooI2CControllerDriver.hpp */; };
		F1314C9B1F4EB7B10012153F /* VoodooI2CControllerNub.hpp in Headers */ = {isa = PBXBuildFile; fileRef = F1314C971F4EB7B10012153F /* VoodooI2CControllerNub.hpp */; };
/* End PBXBuildFile section */

/* Begin PBXFileReference section */
		F1314C721F4EB6190012153F /* VoodooI2CPrecisionTouchpad.kext */ = {isa = PBXFileReference; explicitFileType = wrapper.cfbundle; includeInIndex = 0; path = VoodooI2CPrecisionTouchpad.kext; sourceTree = BUILT_PRODUCTS_DIR; };
		F1314C751F4EB6190012153F /* VoodooI2CPrecisionTouchpad.hpp */ = {isa = PBXFileReference; lastKnownFileType = sourcecode.cpp.h; path = VoodooI2CPrecisionTouchpad.hpp; sourceTree = "<group>"; };
		F1314C771F4EB6190012153F /* VoodooI2CPrecisionTouchpad.cpp */ = {isa = PBXFileReference; lastKnownFileType = sourcecode.cpp.cpp; path = VoodooI2CPrecisionTouchpad.cpp; sourceTree = "<group>"; };
		F1314C791F4EB6190012153F /* Info.plist */ = {isa = PBXFileReference; lastKnownFileType = text.plist.xml; path = Info.plist; sourceTree = "<group>"; };
		F1314C7F1F4EB6610012153F /* csgesturescroll.h */ = {isa = PBXFileReference; fileEncoding = 4; lastKnownFileType = sourcecode.c.h; path = csgesturescroll.h; sourceTree = "<group>"; };
		F1314C801F4EB6610012153F /* csgesture.cpp */ = {isa = PBXFileReference; fileEncoding = 4; lastKnownFileType = sourcecode.cpp.cpp; path = csgesture.cpp; sourceTree = "<group>"; };
		F1314C811F4EB6610012153F /* AverageClasses.h */ = {isa = PBXFileReference; fileEncoding = 4; lastKnownFileType = sourcecode.c.h; path = AverageClasses.h; sourceTree = "<group>"; };
		F1314C821F4EB6610012153F /* csgesture-softc.h */ = {isa = PBXFileReference; fileEncoding = 4; lastKnownFileType = sourcecode.c.h; path = "csgesture-softc.h"; sourceTree = "<group>"; };
		F1314C831F4EB6610012153F /* csgesture.h */ = {isa = PBXFileReference; fileEncoding = 4; lastKnownFileType = sourcecode.c.h; path = csgesture.h; sourceTree = "<group>"; };
		F1314C841F4EB6610012153F /* csgesturescroll.cpp */ = {isa = PBXFileReference; fileEncoding = 4; lastKnownFileType = sourcecode.cpp.cpp; path = csgesturescroll.cpp; sourceTree = "<group>"; };
		F1314C851F4EB6610012153F /* VoodooCSGestureHIDWrapper.cpp */ = {isa = PBXFileReference; fileEncoding = 4; lastKnownFileType = sourcecode.cpp.cpp; path = VoodooCSGestureHIDWrapper.cpp; sourceTree = "<group>"; };
		F1314C861F4EB6610012153F /* VoodooCSGestureHIDWrapper.h */ = {isa = PBXFileReference; fileEncoding = 4; lastKnownFileType = sourcecode.c.h; path = VoodooCSGestureHIDWrapper.h; sourceTree = "<group>"; };
		F1314C871F4EB6610012153F /* VoodooCSGestureHIPointingWrapper.cpp */ = {isa = PBXFileReference; fileEncoding = 4; lastKnownFileType = sourcecode.cpp.cpp; path = VoodooCSGestureHIPointingWrapper.cpp; sourceTree = "<group>"; };
		F1314C881F4EB6610012153F /* VoodooCSGestureHIPointingWrapper.h */ = {isa = PBXFileReference; fileEncoding = 4; lastKnownFileType = sourcecode.c.h; path = VoodooCSGestureHIPointingWrapper.h; sourceTree = "<group>"; };
		F1314C941F4EB7B10012153F /* helpers.hpp */ = {isa = PBXFileReference; fileEncoding = 4; lastKnownFileType = sourcecode.cpp.h; path = helpers.hpp; sourceTree = "<group>"; };
		F1314C951F4EB7B10012153F /* VoodooI2CControllerConstants.hpp */ = {isa = PBXFileReference; fileEncoding = 4; lastKnownFileType = sourcecode.cpp.h; path = VoodooI2CControllerConstants.hpp; sourceTree = "<group>"; };
		F1314C961F4EB7B10012153F /* VoodooI2CControllerDriver.hpp */ = {isa = PBXFileReference; fileEncoding = 4; lastKnownFileType = sourcecode.cpp.h; path = VoodooI2CControllerDriver.hpp; sourceTree = "<group>"; };
		F1314C971F4EB7B10012153F /* VoodooI2CControllerNub.hpp */ = {isa = PBXFileReference; fileEncoding = 4; lastKnownFileType = sourcecode.cpp.h; path = VoodooI2CControllerNub.hpp; sourceTree = "<group>"; };
/* End PBXFileReference section */

/* Begin PBXFrameworksBuildPhase section */
		F1314C6E1F4EB6190012153F /* Frameworks */ = {
			isa = PBXFrameworksBuildPhase;
			buildActionMask = 2147483647;
			files = (
			);
			runOnlyForDeploymentPostprocessing = 0;
		};
/* End PBXFrameworksBuildPhase section */

/* Begin PBXGroup section */
		F1314C681F4EB6190012153F = {
			isa = PBXGroup;
			children = (
				F1314C741F4EB6190012153F /* VoodooI2CPrecisionTouchpad */,
				F1314C731F4EB6190012153F /* Products */,
			);
			sourceTree = "<group>";
		};
		F1314C731F4EB6190012153F /* Products */ = {
			isa = PBXGroup;
			children = (
				F1314C721F4EB6190012153F /* VoodooI2CPrecisionTouchpad.kext */,
			);
			name = Products;
			sourceTree = "<group>";
		};
		F1314C741F4EB6190012153F /* VoodooI2CPrecisionTouchpad */ = {
			isa = PBXGroup;
			children = (
				F1314C9C1F4EB7B60012153F /* VoodooI2C */,
				F1314C931F4EB7080012153F /* Multitouch Library */,
				F1314C751F4EB6190012153F /* VoodooI2CPrecisionTouchpad.hpp */,
				F1314C771F4EB6190012153F /* VoodooI2CPrecisionTouchpad.cpp */,
				F1314C791F4EB6190012153F /* Info.plist */,
			);
			path = VoodooI2CPrecisionTouchpad;
			sourceTree = "<group>";
		};
		F1314C931F4EB7080012153F /* Multitouch Library */ = {
			isa = PBXGroup;
			children = (
				F1314C7F1F4EB6610012153F /* csgesturescroll.h */,
				F1314C801F4EB6610012153F /* csgesture.cpp */,
				F1314C811F4EB6610012153F /* AverageClasses.h */,
				F1314C821F4EB6610012153F /* csgesture-softc.h */,
				F1314C831F4EB6610012153F /* csgesture.h */,
				F1314C841F4EB6610012153F /* csgesturescroll.cpp */,
				F1314C851F4EB6610012153F /* VoodooCSGestureHIDWrapper.cpp */,
				F1314C861F4EB6610012153F /* VoodooCSGestureHIDWrapper.h */,
				F1314C871F4EB6610012153F /* VoodooCSGestureHIPointingWrapper.cpp */,
				F1314C881F4EB6610012153F /* VoodooCSGestureHIPointingWrapper.h */,
			);
			name = "Multitouch Library";
			sourceTree = "<group>";
		};
		F1314C9C1F4EB7B60012153F /* VoodooI2C */ = {
			isa = PBXGroup;
			children = (
				F1314C941F4EB7B10012153F /* helpers.hpp */,
				F1314C951F4EB7B10012153F /* VoodooI2CControllerConstants.hpp */,
				F1314C961F4EB7B10012153F /* VoodooI2CControllerDriver.hpp */,
				F1314C971F4EB7B10012153F /* VoodooI2CControllerNub.hpp */,
			);
			name = VoodooI2C;
			sourceTree = "<group>";
		};
/* End PBXGroup section */

/* Begin PBXHeadersBuildPhase section */
		F1314C6F1F4EB6190012153F /* Headers */ = {
			isa = PBXHeadersBuildPhase;
			buildActionMask = 2147483647;
			files = (
				F1314C991F4EB7B10012153F /* VoodooI2CControllerConstants.hpp in Headers */,
				F1314C901F4EB6610012153F /* VoodooCSGestureHIDWrapper.h in Headers */,
				F1314C8C1F4EB6610012153F /* csgesture-softc.h in Headers */,
				F1314C8D1F4EB6610012153F /* csgesture.h in Headers */,
				F1314C8B1F4EB6610012153F /* AverageClasses.h in Headers */,
				F1314C981F4EB7B10012153F /* helpers.hpp in Headers */,
				F1314C761F4EB6190012153F /* VoodooI2CPrecisionTouchpad.hpp in Headers */,
				F1314C891F4EB6610012153F /* csgesturescroll.h in Headers */,
				F1314C9B1F4EB7B10012153F /* VoodooI2CControllerNub.hpp in Headers */,
				F1314C921F4EB6610012153F /* VoodooCSGestureHIPointingWrapper.h in Headers */,
				F1314C9A1F4EB7B10012153F /* VoodooI2CControllerDriver.hpp in Headers */,
			);
			runOnlyForDeploymentPostprocessing = 0;
		};
/* End PBXHeadersBuildPhase section */

/* Begin PBXNativeTarget section */
		F1314C711F4EB6190012153F /* VoodooI2CPrecisionTouchpad */ = {
			isa = PBXNativeTarget;
			buildConfigurationList = F1314C7C1F4EB6190012153F /* Build configuration list for PBXNativeTarget "VoodooI2CPrecisionTouchpad" */;
			buildPhases = (
				F1314C6D1F4EB6190012153F /* Sources */,
				F1314C6E1F4EB6190012153F /* Frameworks */,
				F1314C6F1F4EB6190012153F /* Headers */,
				F1314C701F4EB6190012153F /* Resources */,
			);
			buildRules = (
			);
			dependencies = (
			);
			name = VoodooI2CPrecisionTouchpad;
			productName = VoodooI2CPrecisionTouchpad;
			productReference = F1314C721F4EB6190012153F /* VoodooI2CPrecisionTouchpad.kext */;
			productType = "com.apple.product-type.kernel-extension";
		};
/* End PBXNativeTarget section */

/* Begin PBXProject section */
		F1314C691F4EB6190012153F /* Project object */ = {
			isa = PBXProject;
			attributes = {
				LastUpgradeCheck = 0830;
				ORGANIZATIONNAME = CoolStar;
				TargetAttributes = {
					F1314C711F4EB6190012153F = {
						CreatedOnToolsVersion = 8.3.3;
						ProvisioningStyle = Automatic;
					};
				};
			};
			buildConfigurationList = F1314C6C1F4EB6190012153F /* Build configuration list for PBXProject "VoodooI2CPrecisionTouchpad" */;
			compatibilityVersion = "Xcode 3.2";
			developmentRegion = English;
			hasScannedForEncodings = 0;
			knownRegions = (
				en,
			);
			mainGroup = F1314C681F4EB6190012153F;
			productRefGroup = F1314C731F4EB6190012153F /* Products */;
			projectDirPath = "";
			projectRoot = "";
			targets = (
				F1314C711F4EB6190012153F /* VoodooI2CPrecisionTouchpad */,
			);
		};
/* End PBXProject section */

/* Begin PBXResourcesBuildPhase section */
		F1314C701F4EB6190012153F /* Resources */ = {
			isa = PBXResourcesBuildPhase;
			buildActionMask = 2147483647;
			files = (
			);
			runOnlyForDeploymentPostprocessing = 0;
		};
/* End PBXResourcesBuildPhase section */

/* Begin PBXSourcesBuildPhase section */
		F1314C6D1F4EB6190012153F /* Sources */ = {
			isa = PBXSourcesBuildPhase;
			buildActionMask = 2147483647;
			files = (
				F1314C781F4EB6190012153F /* VoodooI2CPrecisionTouchpad.cpp in Sources */,
				F1314C8E1F4EB6610012153F /* csgesturescroll.cpp in Sources */,
				F1314C8A1F4EB6610012153F /* csgesture.cpp in Sources */,
				F1314C911F4EB6610012153F /* VoodooCSGestureHIPointingWrapper.cpp in Sources */,
				F1314C8F1F4EB6610012153F /* VoodooCSGestureHIDWrapper.cpp in Sources */,
			);
			runOnlyForDeploymentPostprocessing = 0;
		};
/* End PBXSourcesBuildPhase section */

/* Begin XCBuildConfiguration section */
		F1314C7A1F4EB6190012153F /* Debug */ = {
			isa = XCBuildConfiguration;
			buildSettings = {
				ALWAYS_SEARCH_USER_PATHS = NO;
				CLANG_ANALYZER_NONNULL = YES;
				CLANG_ANALYZER_NUMBER_OBJECT_CONVERSION = YES_AGGRESSIVE;
				CLANG_CXX_LANGUAGE_STANDARD = "gnu++0x";
				CLANG_CXX_LIBRARY = "libc++";
				CLANG_ENABLE_MODULES = YES;
				CLANG_ENABLE_OBJC_ARC = YES;
				CLANG_WARN_BOOL_CONVERSION = YES;
				CLANG_WARN_CONSTANT_CONVERSION = YES;
				CLANG_WARN_DIRECT_OBJC_ISA_USAGE = YES_ERROR;
				CLANG_WARN_DOCUMENTATION_COMMENTS = YES;
				CLANG_WARN_EMPTY_BODY = YES;
				CLANG_WARN_ENUM_CONVERSION = YES;
				CLANG_WARN_INFINITE_RECURSION = YES;
				CLANG_WARN_INT_CONVERSION = YES;
				CLANG_WARN_OBJC_ROOT_CLASS = YES_ERROR;
				CLANG_WARN_SUSPICIOUS_MOVE = YES;
				CLANG_WARN_UNREACHABLE_CODE = YES;
				CLANG_WARN__DUPLICATE_METHOD_MATCH = YES;
				CODE_SIGN_IDENTITY = "-";
				COPY_PHASE_STRIP = NO;
				DEBUG_INFORMATION_FORMAT = dwarf;
				ENABLE_STRICT_OBJC_MSGSEND = YES;
				ENABLE_TESTABILITY = YES;
				GCC_C_LANGUAGE_STANDARD = gnu99;
				GCC_DYNAMIC_NO_PIC = NO;
				GCC_NO_COMMON_BLOCKS = YES;
				GCC_OPTIMIZATION_LEVEL = 0;
				GCC_PREPROCESSOR_DEFINITIONS = (
					"DEBUG=1",
					"$(inherited)",
				);
				GCC_WARN_64_TO_32_BIT_CONVERSION = YES;
				GCC_WARN_ABOUT_RETURN_TYPE = YES_ERROR;
				GCC_WARN_UNDECLARED_SELECTOR = YES;
				GCC_WARN_UNINITIALIZED_AUTOS = YES_AGGRESSIVE;
				GCC_WARN_UNUSED_FUNCTION = YES;
				GCC_WARN_UNUSED_VARIABLE = YES;
				MACOSX_DEPLOYMENT_TARGET = 10.12;
				MTL_ENABLE_DEBUG_INFO = YES;
				ONLY_ACTIVE_ARCH = YES;
				SDKROOT = macosx;
			};
			name = Debug;
		};
		F1314C7B1F4EB6190012153F /* Release */ = {
			isa = XCBuildConfiguration;
			buildSettings = {
				ALWAYS_SEARCH_USER_PATHS = NO;
				CLANG_ANALYZER_NONNULL = YES;
				CLANG_ANALYZER_NUMBER_OBJECT_CONVERSION = YES_AGGRESSIVE;
				CLANG_CXX_LANGUAGE_STANDARD = "gnu++0x";
				CLANG_CXX_LIBRARY = "libc++";
				CLANG_ENABLE_MODULES = YES;
				CLANG_ENABLE_OBJC_ARC = YES;
				CLANG_WARN_BOOL_CONVERSION = YES;
				CLANG_WARN_CONSTANT_CONVERSION = YES;
				CLANG_WARN_DIRECT_OBJC_ISA_USAGE = YES_ERROR;
				CLANG_WARN_DOCUMENTATION_COMMENTS = YES;
				CLANG_WARN_EMPTY_BODY = YES;
				CLANG_WARN_ENUM_CONVERSION = YES;
				CLANG_WARN_INFINITE_RECURSION = YES;
				CLANG_WARN_INT_CONVERSION = YES;
				CLANG_WARN_OBJC_ROOT_CLASS = YES_ERROR;
				CLANG_WARN_SUSPICIOUS_MOVE = YES;
				CLANG_WARN_UNREACHABLE_CODE = YES;
				CLANG_WARN__DUPLICATE_METHOD_MATCH = YES;
				CODE_SIGN_IDENTITY = "-";
				COPY_PHASE_STRIP = NO;
				DEBUG_INFORMATION_FORMAT = "dwarf-with-dsym";
				ENABLE_NS_ASSERTIONS = NO;
				ENABLE_STRICT_OBJC_MSGSEND = YES;
				GCC_C_LANGUAGE_STANDARD = gnu99;
				GCC_NO_COMMON_BLOCKS = YES;
				GCC_WARN_64_TO_32_BIT_CONVERSION = YES;
				GCC_WARN_ABOUT_RETURN_TYPE = YES_ERROR;
				GCC_WARN_UNDECLARED_SELECTOR = YES;
				GCC_WARN_UNINITIALIZED_AUTOS = YES_AGGRESSIVE;
				GCC_WARN_UNUSED_FUNCTION = YES;
				GCC_WARN_UNUSED_VARIABLE = YES;
				MACOSX_DEPLOYMENT_TARGET = 10.12;
				MTL_ENABLE_DEBUG_INFO = NO;
				SDKROOT = macosx;
			};
			name = Release;
		};
		F1314C7D1F4EB6190012153F /* Debug */ = {
			isa = XCBuildConfiguration;
			buildSettings = {
				COMBINE_HIDPI_IMAGES = YES;
				CURRENT_PROJECT_VERSION = 1.0.0d1;
				INFOPLIST_FILE = VoodooI2CPrecisionTouchpad/Info.plist;
				MODULE_NAME = org.coolstar.VoodooI2CPrecisionTouchpad;
				MODULE_VERSION = 1.0.0d1;
				PRODUCT_BUNDLE_IDENTIFIER = org.coolstar.VoodooI2CPrecisionTouchpad;
				PRODUCT_NAME = "$(TARGET_NAME)";
				WRAPPER_EXTENSION = kext;
			};
			name = Debug;
		};
		F1314C7E1F4EB6190012153F /* Release */ = {
			isa = XCBuildConfiguration;
			buildSettings = {
				COMBINE_HIDPI_IMAGES = YES;
				CURRENT_PROJECT_VERSION = 1.0.0d1;
				INFOPLIST_FILE = VoodooI2CPrecisionTouchpad/Info.plist;
				MODULE_NAME = org.coolstar.VoodooI2CPrecisionTouchpad;
				MODULE_VERSION = 1.0.0d1;
				PRODUCT_BUNDLE_IDENTIFIER = org.coolstar.VoodooI2CPrecisionTouchpad;
				PRODUCT_NAME = "$(TARGET_NAME)";
				WRAPPER_EXTENSION = kext;
			};
			name = Release;
		};
/* End XCBuildConfiguration section */

/* Begin XCConfigurationList section */
		F1314C6C1F4EB6190012153F /* Build configuration list for PBXProject "VoodooI2CPrecisionTouchpad" */ = {
			isa = XCConfigurationList;
			buildConfigurations = (
				F1314C7A1F4EB6190012153F /* Debug */,
				F1314C7B1F4EB6190012153F /* Release */,
			);
			defaultConfigurationIsVisible = 0;
			defaultConfigurationName = Release;
		};
		F1314C7C1F4EB6190012153F /* Build configuration list for PBXNativeTarget "VoodooI2CPrecisionTouchpad" */ = {
			isa = XCConfigurationList;
			buildConfigurations = (
				F1314C7D1F4EB6190012153F /* Debug */,
				F1314C7E1F4EB6190012153F /* Release */,
			);
			defaultConfigurationIsVisible = 0;
		};
/* End XCConfigurationList section */
	};
	rootObject = F1314C691F4EB6190012153F /* Project object */;
}
